PODS:
  - WZPropertyWrapper (0.1.1)

DEPENDENCIES:
  - WZPropertyWrapper (from `../`)

EXTERNAL SOURCES:
  WZPropertyWrapper:
    :path: "../"

SPEC CHECKSUMS:
  WZPropertyWrapper: 326efdf7739aaa1fbd20c87ed3b460cddadb9efc

PODFILE CHECKSUM: 1c1075bb8967a353e1d478f5b954ac7475d7fa0f

COCOAPODS: 1.11.3
